
Microsoft Visual Studio Solution File, Format Version 12.00
Project("{2150E333-8FDC-42A3-9474-1A3956D46DE8}") = "_Globals", "_Globals", "{B3466FE1-1D97-4D21-8F6C-A0D146732BC6}"
ProjectSection(SolutionItems) = preProject
	Global.json = Global.json
	..\.editorconfig = ..\.editorconfig
	..\.gitignore = ..\.gitignore
	EtAlii.Generators.sln.DotSettings = EtAlii.Generators.sln.DotSettings
	..\README.md = ..\README.md
	..\.github\workflows\analysis.yml = ..\.github\workflows\analysis.yml
	..\.github\workflows\build.yml = ..\.github\workflows\build.yml
	..\.github\workflows\publish.yml = ..\.github\workflows\publish.yml
	nuget.config = nuget.config
EndProjectSection
EndProject
Project("{FAE04EC0-301F-11D3-BF4B-00C04F79EFBC}") = "EtAlii.Generators.Stateless", "EtAlii.Generators.Stateless\EtAlii.Generators.Stateless.csproj", "{ECDC1798-7EF9-4179-BB4F-891F0F1E2175}"
EndProject
Project("{FAE04EC0-301F-11D3-BF4B-00C04F79EFBC}") = "EtAlii.Generators.Stateless.Tests", "EtAlii.Generators.Stateless.Tests\EtAlii.Generators.Stateless.Tests.csproj", "{7A7E5272-B0D8-402A-9F89-D38515CFF376}"
EndProject
Project("{FAE04EC0-301F-11D3-BF4B-00C04F79EFBC}") = "EtAlii.Generators.GraphQL.Client", "EtAlii.Generators.GraphQL.Client\EtAlii.Generators.GraphQL.Client.csproj", "{CED6903F-7C8D-4A7E-81AE-4E01D11C7E82}"
EndProject
Project("{D954291E-2A0B-460D-934E-DC6B0785DB48}") = "EtAlii.Generators", "EtAlii.Generators\EtAlii.Generators.shproj", "{567DA79A-93FE-4EB5-BDA2-E8FF9CC656D0}"
EndProject
Project("{FAE04EC0-301F-11D3-BF4B-00C04F79EFBC}") = "EtAlii.Generators.GraphQL.Client.Tests", "EtAlii.Generators.GraphQL.Client.Tests\EtAlii.Generators.GraphQL.Client.Tests.csproj", "{4D9AFD07-45EF-4DDD-980E-D9FD619ECD95}"
EndProject
Project("{FAE04EC0-301F-11D3-BF4B-00C04F79EFBC}") = "EtAlii.Generators.ML", "EtAlii.Generators.ML\EtAlii.Generators.ML.csproj", "{B8CEACC0-754D-48ED-BDB5-2EF21505E61C}"
EndProject
Project("{FAE04EC0-301F-11D3-BF4B-00C04F79EFBC}") = "EtAlii.Generators.ML.Tests", "EtAlii.Generators.ML.Tests\EtAlii.Generators.ML.Tests.csproj", "{15BD9931-757F-4DA6-B17B-7753EFA297AC}"
EndProject
Project("{FAE04EC0-301F-11D3-BF4B-00C04F79EFBC}") = "EtAlii.Generators.EntityFrameworkCore", "EtAlii.Generators.EntityFrameworkCore\EtAlii.Generators.EntityFrameworkCore.csproj", "{9CB09670-ACB7-45C9-ADE6-E7559819B219}"
EndProject
Project("{FAE04EC0-301F-11D3-BF4B-00C04F79EFBC}") = "EtAlii.Generators.EntityFrameworkCore.Tests", "EtAlii.Generators.EntityFrameworkCore.Tests\EtAlii.Generators.EntityFrameworkCore.Tests.csproj", "{3F0E9C00-A404-4389-BA44-607EE0F0E29D}"
EndProject
Global
	GlobalSection(SolutionConfigurationPlatforms) = preSolution
		Debug|Any CPU = Debug|Any CPU
		Release|Any CPU = Release|Any CPU
	EndGlobalSection
	GlobalSection(ProjectConfigurationPlatforms) = postSolution
		{ECDC1798-7EF9-4179-BB4F-891F0F1E2175}.Debug|Any CPU.ActiveCfg = Debug|Any CPU
		{ECDC1798-7EF9-4179-BB4F-891F0F1E2175}.Debug|Any CPU.Build.0 = Debug|Any CPU
		{ECDC1798-7EF9-4179-BB4F-891F0F1E2175}.Release|Any CPU.ActiveCfg = Release|Any CPU
		{ECDC1798-7EF9-4179-BB4F-891F0F1E2175}.Release|Any CPU.Build.0 = Release|Any CPU
		{7A7E5272-B0D8-402A-9F89-D38515CFF376}.Debug|Any CPU.ActiveCfg = Debug|Any CPU
		{7A7E5272-B0D8-402A-9F89-D38515CFF376}.Debug|Any CPU.Build.0 = Debug|Any CPU
		{7A7E5272-B0D8-402A-9F89-D38515CFF376}.Release|Any CPU.ActiveCfg = Release|Any CPU
		{7A7E5272-B0D8-402A-9F89-D38515CFF376}.Release|Any CPU.Build.0 = Release|Any CPU
		{CED6903F-7C8D-4A7E-81AE-4E01D11C7E82}.Debug|Any CPU.ActiveCfg = Debug|Any CPU
		{CED6903F-7C8D-4A7E-81AE-4E01D11C7E82}.Release|Any CPU.ActiveCfg = Release|Any CPU
		{CED6903F-7C8D-4A7E-81AE-4E01D11C7E82}.Debug|Any CPU.Build.0 = Debug|Any CPU
		{CED6903F-7C8D-4A7E-81AE-4E01D11C7E82}.Release|Any CPU.Build.0 = Release|Any CPU
		{B8CEACC0-754D-48ED-BDB5-2EF21505E61C}.Release|Any CPU.Build.0 = Release|Any CPU
		{B8CEACC0-754D-48ED-BDB5-2EF21505E61C}.Debug|Any CPU.Build.0 = Debug|Any CPU
		{B8CEACC0-754D-48ED-BDB5-2EF21505E61C}.Debug|Any CPU.ActiveCfg = Debug|Any CPU
		{B8CEACC0-754D-48ED-BDB5-2EF21505E61C}.Release|Any CPU.ActiveCfg = Release|Any CPU
		{4D9AFD07-45EF-4DDD-980E-D9FD619ECD95}.Debug|Any CPU.ActiveCfg = Debug|Any CPU
		{4D9AFD07-45EF-4DDD-980E-D9FD619ECD95}.Debug|Any CPU.Build.0 = Debug|Any CPU
		{4D9AFD07-45EF-4DDD-980E-D9FD619ECD95}.Release|Any CPU.ActiveCfg = Release|Any CPU
		{4D9AFD07-45EF-4DDD-980E-D9FD619ECD95}.Release|Any CPU.Build.0 = Release|Any CPU
		{15BD9931-757F-4DA6-B17B-7753EFA297AC}.Debug|Any CPU.ActiveCfg = Debug|Any CPU
		{15BD9931-757F-4DA6-B17B-7753EFA297AC}.Debug|Any CPU.Build.0 = Debug|Any CPU
		{15BD9931-757F-4DA6-B17B-7753EFA297AC}.Release|Any CPU.ActiveCfg = Release|Any CPU
		{15BD9931-757F-4DA6-B17B-7753EFA297AC}.Release|Any CPU.Build.0 = Release|Any CPU
		{9CB09670-ACB7-45C9-ADE6-E7559819B219}.Debug|Any CPU.ActiveCfg = Debug|Any CPU
		{9CB09670-ACB7-45C9-ADE6-E7559819B219}.Debug|Any CPU.Build.0 = Debug|Any CPU
		{9CB09670-ACB7-45C9-ADE6-E7559819B219}.Release|Any CPU.ActiveCfg = Release|Any CPU
		{9CB09670-ACB7-45C9-ADE6-E7559819B219}.Release|Any CPU.Build.0 = Release|Any CPU
		{3F0E9C00-A404-4389-BA44-607EE0F0E29D}.Debug|Any CPU.ActiveCfg = Debug|Any CPU
		{3F0E9C00-A404-4389-BA44-607EE0F0E29D}.Debug|Any CPU.Build.0 = Debug|Any CPU
		{3F0E9C00-A404-4389-BA44-607EE0F0E29D}.Release|Any CPU.ActiveCfg = Release|Any CPU
		{3F0E9C00-A404-4389-BA44-607EE0F0E29D}.Release|Any CPU.Build.0 = Release|Any CPU
	EndGlobalSection
EndGlobal
